
Microsoft Visual Studio Solution File, Format Version 12.00
# Visual Studio Version 17
VisualStudioVersion = 17.5.002.0
MinimumVisualStudioVersion = 10.0.40219.1
Project("{9A19103F-16F7-4668-BE54-9A1E7A4F7556}") = "LogMonitoring", "LogMonitoring.csproj", "{A49640B1-177F-4BED-AA07-F1E8B2E0278F}"
EndProject
Global
	GlobalSection(SolutionConfigurationPlatforms) = preSolution
		Debug|Any CPU = Debug|Any CPU
		Release|Any CPU = Release|Any CPU
	EndGlobalSection
	GlobalSection(ProjectConfigurationPlatforms) = postSolution
		{A49640B1-177F-4BED-AA07-F1E8B2E0278F}.Debug|Any CPU.ActiveCfg = Debug|Any CPU
		{A49640B1-177F-4BED-AA07-F1E8B2E0278F}.Debug|Any CPU.Build.0 = Debug|Any CPU
		{A49640B1-177F-4BED-AA07-F1E8B2E0278F}.Release|Any CPU.ActiveCfg = Release|Any CPU
		{A49640B1-177F-4BED-AA07-F1E8B2E0278F}.Release|Any CPU.Build.0 = Release|Any CPU
	EndGlobalSection
	GlobalSection(SolutionProperties) = preSolution
		HideSolutionNode = FALSE
	EndGlobalSection
	GlobalSection(ExtensibilityGlobals) = postSolution
		SolutionGuid = {866B3D5B-207C-4C6C-A081-29E2D4D0CD89}
	EndGlobalSection
EndGlobal
